
Microsoft Visual Studio Solution File, Format Version 12.00
# Visual Studio 2013
VisualStudioVersion = 12.0.31101.0
MinimumVisualStudioVersion = 10.0.40219.1
Project("{FAE04EC0-301F-11D3-BF4B-00C04F79EFBC}") = "MyCalculator", "MyCalculator\MyCalculator.csproj", "{6AE1E46A-1D74-4F05-B7C3-C170D0823D39}"
EndProject
Project("{FAE04EC0-301F-11D3-BF4B-00C04F79EFBC}") = "MyCalculator.Tests", "MyCalculator.Tests\MyCalculator.Tests.csproj", "{E8E25E77-4A9A-48C6-B399-706A964E6904}"
EndProject
Global
	GlobalSection(SolutionConfigurationPlatforms) = preSolution
		Debug|Any CPU = Debug|Any CPU
		Release|Any CPU = Release|Any CPU
	EndGlobalSection
	GlobalSection(ProjectConfigurationPlatforms) = postSolution
		{6AE1E46A-1D74-4F05-B7C3-C170D0823D39}.Debug|Any CPU.ActiveCfg = Debug|Any CPU
		{6AE1E46A-1D74-4F05-B7C3-C170D0823D39}.Debug|Any CPU.Build.0 = Debug|Any CPU
		{6AE1E46A-1D74-4F05-B7C3-C170D0823D39}.Release|Any CPU.ActiveCfg = Release|Any CPU
		{6AE1E46A-1D74-4F05-B7C3-C170D0823D39}.Release|Any CPU.Build.0 = Release|Any CPU
		{E8E25E77-4A9A-48C6-B399-706A964E6904}.Debug|Any CPU.ActiveCfg = Debug|Any CPU
		{E8E25E77-4A9A-48C6-B399-706A964E6904}.Debug|Any CPU.Build.0 = Debug|Any CPU
		{E8E25E77-4A9A-48C6-B399-706A964E6904}.Release|Any CPU.ActiveCfg = Release|Any CPU
		{E8E25E77-4A9A-48C6-B399-706A964E6904}.Release|Any CPU.Build.0 = Release|Any CPU
	EndGlobalSection
	GlobalSection(SolutionProperties) = preSolution
		HideSolutionNode = FALSE
	EndGlobalSection
EndGlobal
